<?xml version="1.0" encoding="utf-8"?>
<Project ToolsVersion="4.0" xmlns="http://schemas.microsoft.com/developer/msbuild/2003">
  <ItemGroup>
    <Filter Include="Source Files">
      <UniqueIdentifier>{4FC737F1-C7A5-4376-A066-2A32D752A2FF}</UniqueIdentifier>
      <Extensions>cpp;c;cc;cxx;c++;cppm;ixx;def;odl;idl;hpj;bat;asm;asmx</Extensions>
    </Filter>
    <Filter Include="Header Files">
      <UniqueIdentifier>{93995380-89BD-4b04-88EB-625FBE52EBFB}</UniqueIdentifier>
      <Extensions>h;hh;hpp;hxx;h++;hm;inl;inc;ipp;xsd</Extensions>
    </Filter>
    <Filter Include="Resource Files">
      <UniqueIdentifier>{67DA6AB6-F800-4c08-8B7A-83BB121AAD01}</UniqueIdentifier>
      <Extensions>rc;ico;cur;bmp;dlg;rc2;rct;bin;rgs;gif;jpg;jpeg;jpe;resx;tiff;tif;png;wav;mfcribbon-ms</Extensions>
    </Filter>
  </ItemGroup>
  <ItemGroup>
    <ClCompile Include="Main.cpp">
      <Filter>Source Files</Filter>
    </ClCompile>
    <ClCompile Include="krakenLib\controller.cpp">
      <Filter>Source Files</Filter>
    </ClCompile>
    <ClCompile Include="krakenLib\components\item.cpp">
      <Filter>Source Files</Filter>
    </ClCompile>
    <ClCompile Include="krakenLib\components\person.cpp">
      <Filter>Source Files</Filter>
    </ClCompile>
    <ClCompile Include="krakenLib\components\place.cpp">
      <Filter>Source Files</Filter>
    </ClCompile>
    <ClCompile Include="krakenLib\ioconsole.cpp">
      <Filter>Source Files</Filter>
    </ClCompile>
    <ClCompile Include="krakenLib\components\chapter.cpp">
      <Filter>Source Files</Filter>
    </ClCompile>
    <ClCompile Include="test\controllertest.cpp">
      <Filter>Source Files</Filter>
    </ClCompile>
    <ClCompile Include="tools\protstring.cpp">
      <Filter>Source Files</Filter>
    </ClCompile>
    <ClCompile Include="tools\prottest.cpp">
      <Filter>Source Files</Filter>
    </ClCompile>
    <ClCompile Include="krakenLib\daoimpl.cpp">
      <Filter>Source Files</Filter>
    </ClCompile>
    <ClCompile Include="test\daotest.cpp">
      <Filter>Source Files</Filter>
    </ClCompile>
  </ItemGroup>
  <ItemGroup>
    <ClInclude Include="krakenLib\controller.h">
      <Filter>Header Files</Filter>
    </ClInclude>
    <ClInclude Include="krakenLib\components\item.h">
      <Filter>Header Files</Filter>
    </ClInclude>
    <ClInclude Include="krakenLib\components\person.h">
      <Filter>Header Files</Filter>
    </ClInclude>
    <ClInclude Include="krakenLib\components\place.h">
      <Filter>Header Files</Filter>
    </ClInclude>
    <ClInclude Include="krakenLib\ioconsole.h">
      <Filter>Header Files</Filter>
    </ClInclude>
    <ClInclude Include="krakenLib\iouser.h">
      <Filter>Header Files</Filter>
    </ClInclude>
    <ClInclude Include="krakenLib\components\chapter.h">
      <Filter>Header Files</Filter>
    </ClInclude>
    <ClInclude Include="test\controllertest.h">
      <Filter>Header Files</Filter>
    </ClInclude>
    <ClInclude Include="tools\arraylist.h">
      <Filter>Header Files</Filter>
    </ClInclude>
    <ClInclude Include="tools\protstring.h">
      <Filter>Header Files</Filter>
    </ClInclude>
    <ClInclude Include="tools\prottest.h">
      <Filter>Header Files</Filter>
    </ClInclude>
    <ClInclude Include="krakenLib\daoimpl.h">
      <Filter>Header Files</Filter>
    </ClInclude>
    <ClInclude Include="krakenLib\dao.h">
      <Filter>Header Files</Filter>
    </ClInclude>
    <ClInclude Include="test\daotest.h">
      <Filter>Header Files</Filter>
    </ClInclude>
  </ItemGroup>
</Project>